
Microsoft Visual Studio Solution File, Format Version 12.00
# Visual Studio Version 17
VisualStudioVersion = 17.6.33815.320
MinimumVisualStudioVersion = 10.0.40219.1
Project("{2150E333-8FDC-42A3-9474-1A3956D46DE8}") = "BackEnd", "BackEnd", "{43A646B1-2056-4B85-B4A7-E5C116200E2A}"
EndProject
Project("{2150E333-8FDC-42A3-9474-1A3956D46DE8}") = "FrontEnd", "FrontEnd", "{86F39601-729A-4D43-B299-8FDE5606C988}"
EndProject
Project("{9A19103F-16F7-4668-BE54-9A1E7A4F7556}") = "WebMedicina.BackEnd.API", "BackEnd\src\WebMedicina.BackEnd.API\WebMedicina.BackEnd.API.csproj", "{BFA90D0F-A867-4648-8CBA-FAB6AE06A20B}"
	ProjectSection(ProjectDependencies) = postProject
		{83C2F759-BFA5-4334-9C9D-AEA871DD8945} = {83C2F759-BFA5-4334-9C9D-AEA871DD8945}
	EndProjectSection
EndProject
Project("{9A19103F-16F7-4668-BE54-9A1E7A4F7556}") = "WebMedicina.BackEnd.Service", "BackEnd\src\WebMedicina.BackEnd.Service\WebMedicina.BackEnd.Service.csproj", "{F03A9762-C455-4EB1-9831-7803ED1D750B}"
	ProjectSection(ProjectDependencies) = postProject
		{EEEE3C73-5931-4D06-8252-5443502AC625} = {EEEE3C73-5931-4D06-8252-5443502AC625}
	EndProjectSection
EndProject
Project("{9A19103F-16F7-4668-BE54-9A1E7A4F7556}") = "WebMedicina.BackEnd.ServicesDependencies", "BackEnd\src\WebMedicina.BackEnd.ServicesDependencies\WebMedicina.BackEnd.ServicesDependencies.csproj", "{EEEE3C73-5931-4D06-8252-5443502AC625}"
EndProject
Project("{9A19103F-16F7-4668-BE54-9A1E7A4F7556}") = "WebMedicina.FrontEnd.Service", "FrontEnd\src\WebMedicina.FrontEnd.Service\WebMedicina.FrontEnd.Service.csproj", "{F96F60B0-303A-4EBB-BFE7-21389FE672F8}"
	ProjectSection(ProjectDependencies) = postProject
		{501B3FEB-8C5B-4744-9B55-BCF214079036} = {501B3FEB-8C5B-4744-9B55-BCF214079036}
	EndProjectSection
EndProject
Project("{9A19103F-16F7-4668-BE54-9A1E7A4F7556}") = "WebMedicina.FrontEnd.ServiceDependencies", "FrontEnd\src\WebMedicina.FrontEnd.ServiceDependencies\WebMedicina.FrontEnd.ServiceDependencies.csproj", "{501B3FEB-8C5B-4744-9B55-BCF214079036}"
	ProjectSection(ProjectDependencies) = postProject
		{83C2F759-BFA5-4334-9C9D-AEA871DD8945} = {83C2F759-BFA5-4334-9C9D-AEA871DD8945}
	EndProjectSection
EndProject
Project("{9A19103F-16F7-4668-BE54-9A1E7A4F7556}") = "WebMedicina.BackEnd.Model", "BackEnd\src\WebMedicina.BackEnd.Model\WebMedicina.BackEnd.Model.csproj", "{224E3915-E6EE-4E80-A52D-508EC99FCB2E}"
EndProject
Project("{9A19103F-16F7-4668-BE54-9A1E7A4F7556}") = "WebMedicina.BackEnd.Dal", "BackEnd\src\WebMedicina.BackEnd.Dal\WebMedicina.BackEnd.Dal.csproj", "{48C40900-EC84-4737-B7B2-B2509A772D4F}"
EndProject
Project("{2150E333-8FDC-42A3-9474-1A3956D46DE8}") = "Shared", "Shared", "{69D2426F-C8BB-4E4F-949E-7A42D43F4F79}"
EndProject
Project("{9A19103F-16F7-4668-BE54-9A1E7A4F7556}") = "WebMedicina.Shared.Dto", "Shared\WebMedicina.Shared.Dto\WebMedicina.Shared.Dto.csproj", "{83C2F759-BFA5-4334-9C9D-AEA871DD8945}"
EndProject
Project("{9A19103F-16F7-4668-BE54-9A1E7A4F7556}") = "WebMedicina.FrontEnd.WebApp", "FrontEnd\src\WebMedicina.FrontEnd.WebApp\WebMedicina.FrontEnd.WebApp.csproj", "{1F5A39E8-13A4-4EDC-98B7-ACE271250223}"
EndProject
Project("{9A19103F-16F7-4668-BE54-9A1E7A4F7556}") = "WebMedicina.Shared.Service", "Shared\WebMedicina.Shared.Service\WebMedicina.Shared.Service.csproj", "{3FBD5E79-C3F3-43EC-85CD-33334BDDDC15}"
EndProject
Project("{9A19103F-16F7-4668-BE54-9A1E7A4F7556}") = "WebMedicina.FrontEnd.Dto", "FrontEnd\src\WebMedicina.FrontEbd.Dto\WebMedicina.FrontEnd.Dto.csproj", "{7AFCF5C9-4D22-4A4A-B439-09D701EDD0BA}"
EndProject
Project("{9A19103F-16F7-4668-BE54-9A1E7A4F7556}") = "WebMedicina.BackEnd.Dto", "BackEnd\src\WebMedicina.BackEnd.Dto\WebMedicina.BackEnd.Dto\WebMedicina.BackEnd.Dto.csproj", "{33A85834-5541-4B78-9707-20CC33974BC7}"
EndProject
Project("{9A19103F-16F7-4668-BE54-9A1E7A4F7556}") = "WebMedicina.Shared.Mapers", "Shared\WebMedicina.Shared.ServiceDependencies\WebMedicina.Shared.Mapers.csproj", "{F5C72B72-9539-443E-AA48-33DABCDE4C9F}"
EndProject
Global
	GlobalSection(SolutionConfigurationPlatforms) = preSolution
		Debug|Any CPU = Debug|Any CPU
		Release|Any CPU = Release|Any CPU
	EndGlobalSection
	GlobalSection(ProjectConfigurationPlatforms) = postSolution
		{BFA90D0F-A867-4648-8CBA-FAB6AE06A20B}.Debug|Any CPU.ActiveCfg = Debug|Any CPU
		{BFA90D0F-A867-4648-8CBA-FAB6AE06A20B}.Debug|Any CPU.Build.0 = Debug|Any CPU
		{BFA90D0F-A867-4648-8CBA-FAB6AE06A20B}.Release|Any CPU.ActiveCfg = Release|Any CPU
		{BFA90D0F-A867-4648-8CBA-FAB6AE06A20B}.Release|Any CPU.Build.0 = Release|Any CPU
		{F03A9762-C455-4EB1-9831-7803ED1D750B}.Debug|Any CPU.ActiveCfg = Debug|Any CPU
		{F03A9762-C455-4EB1-9831-7803ED1D750B}.Debug|Any CPU.Build.0 = Debug|Any CPU
		{F03A9762-C455-4EB1-9831-7803ED1D750B}.Release|Any CPU.ActiveCfg = Release|Any CPU
		{F03A9762-C455-4EB1-9831-7803ED1D750B}.Release|Any CPU.Build.0 = Release|Any CPU
		{EEEE3C73-5931-4D06-8252-5443502AC625}.Debug|Any CPU.ActiveCfg = Debug|Any CPU
		{EEEE3C73-5931-4D06-8252-5443502AC625}.Debug|Any CPU.Build.0 = Debug|Any CPU
		{EEEE3C73-5931-4D06-8252-5443502AC625}.Release|Any CPU.ActiveCfg = Release|Any CPU
		{EEEE3C73-5931-4D06-8252-5443502AC625}.Release|Any CPU.Build.0 = Release|Any CPU
		{F96F60B0-303A-4EBB-BFE7-21389FE672F8}.Debug|Any CPU.ActiveCfg = Debug|Any CPU
		{F96F60B0-303A-4EBB-BFE7-21389FE672F8}.Debug|Any CPU.Build.0 = Debug|Any CPU
		{F96F60B0-303A-4EBB-BFE7-21389FE672F8}.Release|Any CPU.ActiveCfg = Release|Any CPU
		{F96F60B0-303A-4EBB-BFE7-21389FE672F8}.Release|Any CPU.Build.0 = Release|Any CPU
		{501B3FEB-8C5B-4744-9B55-BCF214079036}.Debug|Any CPU.ActiveCfg = Debug|Any CPU
		{501B3FEB-8C5B-4744-9B55-BCF214079036}.Debug|Any CPU.Build.0 = Debug|Any CPU
		{501B3FEB-8C5B-4744-9B55-BCF214079036}.Release|Any CPU.ActiveCfg = Release|Any CPU
		{501B3FEB-8C5B-4744-9B55-BCF214079036}.Release|Any CPU.Build.0 = Release|Any CPU
		{224E3915-E6EE-4E80-A52D-508EC99FCB2E}.Debug|Any CPU.ActiveCfg = Debug|Any CPU
		{224E3915-E6EE-4E80-A52D-508EC99FCB2E}.Debug|Any CPU.Build.0 = Debug|Any CPU
		{224E3915-E6EE-4E80-A52D-508EC99FCB2E}.Release|Any CPU.ActiveCfg = Release|Any CPU
		{224E3915-E6EE-4E80-A52D-508EC99FCB2E}.Release|Any CPU.Build.0 = Release|Any CPU
		{48C40900-EC84-4737-B7B2-B2509A772D4F}.Debug|Any CPU.ActiveCfg = Debug|Any CPU
		{48C40900-EC84-4737-B7B2-B2509A772D4F}.Debug|Any CPU.Build.0 = Debug|Any CPU
		{48C40900-EC84-4737-B7B2-B2509A772D4F}.Release|Any CPU.ActiveCfg = Release|Any CPU
		{48C40900-EC84-4737-B7B2-B2509A772D4F}.Release|Any CPU.Build.0 = Release|Any CPU
		{83C2F759-BFA5-4334-9C9D-AEA871DD8945}.Debug|Any CPU.ActiveCfg = Debug|Any CPU
		{83C2F759-BFA5-4334-9C9D-AEA871DD8945}.Debug|Any CPU.Build.0 = Debug|Any CPU
		{83C2F759-BFA5-4334-9C9D-AEA871DD8945}.Release|Any CPU.ActiveCfg = Release|Any CPU
		{83C2F759-BFA5-4334-9C9D-AEA871DD8945}.Release|Any CPU.Build.0 = Release|Any CPU
		{1F5A39E8-13A4-4EDC-98B7-ACE271250223}.Debug|Any CPU.ActiveCfg = Debug|Any CPU
		{1F5A39E8-13A4-4EDC-98B7-ACE271250223}.Debug|Any CPU.Build.0 = Debug|Any CPU
		{1F5A39E8-13A4-4EDC-98B7-ACE271250223}.Release|Any CPU.ActiveCfg = Release|Any CPU
		{1F5A39E8-13A4-4EDC-98B7-ACE271250223}.Release|Any CPU.Build.0 = Release|Any CPU
		{3FBD5E79-C3F3-43EC-85CD-33334BDDDC15}.Debug|Any CPU.ActiveCfg = Debug|Any CPU
		{3FBD5E79-C3F3-43EC-85CD-33334BDDDC15}.Debug|Any CPU.Build.0 = Debug|Any CPU
		{3FBD5E79-C3F3-43EC-85CD-33334BDDDC15}.Release|Any CPU.ActiveCfg = Release|Any CPU
		{3FBD5E79-C3F3-43EC-85CD-33334BDDDC15}.Release|Any CPU.Build.0 = Release|Any CPU
		{7AFCF5C9-4D22-4A4A-B439-09D701EDD0BA}.Debug|Any CPU.ActiveCfg = Debug|Any CPU
		{7AFCF5C9-4D22-4A4A-B439-09D701EDD0BA}.Debug|Any CPU.Build.0 = Debug|Any CPU
		{7AFCF5C9-4D22-4A4A-B439-09D701EDD0BA}.Release|Any CPU.ActiveCfg = Release|Any CPU
		{7AFCF5C9-4D22-4A4A-B439-09D701EDD0BA}.Release|Any CPU.Build.0 = Release|Any CPU
		{33A85834-5541-4B78-9707-20CC33974BC7}.Debug|Any CPU.ActiveCfg = Debug|Any CPU
		{33A85834-5541-4B78-9707-20CC33974BC7}.Debug|Any CPU.Build.0 = Debug|Any CPU
		{33A85834-5541-4B78-9707-20CC33974BC7}.Release|Any CPU.ActiveCfg = Release|Any CPU
		{33A85834-5541-4B78-9707-20CC33974BC7}.Release|Any CPU.Build.0 = Release|Any CPU
		{F5C72B72-9539-443E-AA48-33DABCDE4C9F}.Debug|Any CPU.ActiveCfg = Debug|Any CPU
		{F5C72B72-9539-443E-AA48-33DABCDE4C9F}.Debug|Any CPU.Build.0 = Debug|Any CPU
		{F5C72B72-9539-443E-AA48-33DABCDE4C9F}.Release|Any CPU.ActiveCfg = Release|Any CPU
		{F5C72B72-9539-443E-AA48-33DABCDE4C9F}.Release|Any CPU.Build.0 = Release|Any CPU
	EndGlobalSection
	GlobalSection(SolutionProperties) = preSolution
		HideSolutionNode = FALSE
	EndGlobalSection
	GlobalSection(NestedProjects) = preSolution
		{BFA90D0F-A867-4648-8CBA-FAB6AE06A20B} = {43A646B1-2056-4B85-B4A7-E5C116200E2A}
		{F03A9762-C455-4EB1-9831-7803ED1D750B} = {43A646B1-2056-4B85-B4A7-E5C116200E2A}
		{EEEE3C73-5931-4D06-8252-5443502AC625} = {43A646B1-2056-4B85-B4A7-E5C116200E2A}
		{F96F60B0-303A-4EBB-BFE7-21389FE672F8} = {86F39601-729A-4D43-B299-8FDE5606C988}
		{501B3FEB-8C5B-4744-9B55-BCF214079036} = {86F39601-729A-4D43-B299-8FDE5606C988}
		{224E3915-E6EE-4E80-A52D-508EC99FCB2E} = {43A646B1-2056-4B85-B4A7-E5C116200E2A}
		{48C40900-EC84-4737-B7B2-B2509A772D4F} = {43A646B1-2056-4B85-B4A7-E5C116200E2A}
		{83C2F759-BFA5-4334-9C9D-AEA871DD8945} = {69D2426F-C8BB-4E4F-949E-7A42D43F4F79}
		{1F5A39E8-13A4-4EDC-98B7-ACE271250223} = {86F39601-729A-4D43-B299-8FDE5606C988}
		{3FBD5E79-C3F3-43EC-85CD-33334BDDDC15} = {69D2426F-C8BB-4E4F-949E-7A42D43F4F79}
		{7AFCF5C9-4D22-4A4A-B439-09D701EDD0BA} = {86F39601-729A-4D43-B299-8FDE5606C988}
		{33A85834-5541-4B78-9707-20CC33974BC7} = {43A646B1-2056-4B85-B4A7-E5C116200E2A}
		{F5C72B72-9539-443E-AA48-33DABCDE4C9F} = {69D2426F-C8BB-4E4F-949E-7A42D43F4F79}
	EndGlobalSection
	GlobalSection(ExtensibilityGlobals) = postSolution
		SolutionGuid = {E8DA6551-196C-4AD8-AFF4-086CF32EFAD6}
	EndGlobalSection
EndGlobal
